
Microsoft Visual Studio Solution File, Format Version 12.00
# Visual Studio Version 17
VisualStudioVersion = 17.5.002.0
MinimumVisualStudioVersion = 10.0.40219.1
Project("{9A19103F-16F7-4668-BE54-9A1E7A4F7556}") = "Catdocs", "Catdocs.csproj", "{0DD7146F-0D4B-4B4D-847D-090371DF6209}"
EndProject
Global
	GlobalSection(SolutionConfigurationPlatforms) = preSolution
		Debug|Any CPU = Debug|Any CPU
		Release|Any CPU = Release|Any CPU
	EndGlobalSection
	GlobalSection(ProjectConfigurationPlatforms) = postSolution
		{0DD7146F-0D4B-4B4D-847D-090371DF6209}.Debug|Any CPU.ActiveCfg = Debug|Any CPU
		{0DD7146F-0D4B-4B4D-847D-090371DF6209}.Debug|Any CPU.Build.0 = Debug|Any CPU
		{0DD7146F-0D4B-4B4D-847D-090371DF6209}.Release|Any CPU.ActiveCfg = Release|Any CPU
		{0DD7146F-0D4B-4B4D-847D-090371DF6209}.Release|Any CPU.Build.0 = Release|Any CPU
	EndGlobalSection
	GlobalSection(SolutionProperties) = preSolution
		HideSolutionNode = FALSE
	EndGlobalSection
	GlobalSection(ExtensibilityGlobals) = postSolution
		SolutionGuid = {28C282FA-ED60-4D79-8BAF-42525C3AD830}
	EndGlobalSection
EndGlobal
